// !$*UTF8*$!
{
	archiveVersion = 1;
	classes = {
	};
	objectVersion = 46;
	objects = {
/* Begin PBXBuildFile section */
		0175E69D1A604E318A8E178C /* CDVInAppBrowser.m in Sources */ = {isa = PBXBuildFile; fileRef = 69AA2322166847E6954EB810 /* CDVInAppBrowser.m */; };
		0207DA581B56EA530066E2B4 /* Images.xcassets in Resources */ = {isa = PBXBuildFile; fileRef = 0207DA571B56EA530066E2B4 /* Images.xcassets */; };
		0CD590FCC7A94C579A718EF4 /* CDVCompass.m in Sources */ = {isa = PBXBuildFile; fileRef = 090A4264FBDE4C81B64FB979 /* CDVCompass.m */; };
		110F56A7121D4D85B004816F /* CDVCapture.bundle in Resources */ = {isa = PBXBuildFile; fileRef = 5B76CF04A5A64080B7A87BBE /* CDVCapture.bundle */; };
		1A2248A2022F43E7A615750C /* CDVJpegHeaderWriter.m in Sources */ = {isa = PBXBuildFile; fileRef = 2DC7B4D33910489A94DCC461 /* CDVJpegHeaderWriter.m */; };
		1D3623260D0F684500981E51 /* AppDelegate.m in Sources */ = {isa = PBXBuildFile; fileRef = 1D3623250D0F684500981E51 /* AppDelegate.m */; };
		1D60589B0D05DD56006BFB54 /* main.m in Sources */ = {isa = PBXBuildFile; fileRef = 29B97316FDCFA39411CA2CEA /* main.m */; };
		213E9E27A2D14144A95DC6A4 /* AddressBookUI.framework in Frameworks */ = {isa = PBXBuildFile; fileRef = 48363C5A23CB442696AD1E32 /* AddressBookUI.framework */; settings = {ATTRIBUTES = (Weak, ); }; };
		22616B7A5510420499E2EE6E /* CDVNotification.bundle in Resources */ = {isa = PBXBuildFile; fileRef = 124596E9F2074BBCA9856764 /* CDVNotification.bundle */; };
		24F91DC354084D4F85183E13 /* CoreTelephony.framework in Frameworks */ = {isa = PBXBuildFile; fileRef = 300C73749A8E4A86A7FBD41B /* CoreTelephony.framework */; };
		301BF552109A68D80062928A /* libCordova.a in Frameworks */ = {isa = PBXBuildFile; fileRef = 301BF535109A57CC0062928A /* libCordova.a */; };
		302D95F114D2391D003F00A1 /* MainViewController.m in Sources */ = {isa = PBXBuildFile; fileRef = 302D95EF14D2391D003F00A1 /* MainViewController.m */; };
		302D95F214D2391D003F00A1 /* MainViewController.xib in Resources */ = {isa = PBXBuildFile; fileRef = 302D95F014D2391D003F00A1 /* MainViewController.xib */; };
		3B7176E0A98A4201B0DC6405 /* CDVFileTransfer.m in Sources */ = {isa = PBXBuildFile; fileRef = 32C2C955CDF74FAF91C30BFC /* CDVFileTransfer.m */; };
		3E9C7A3B62F54C3893BD0F9B /* ImageIO.framework in Frameworks */ = {isa = PBXBuildFile; fileRef = 7225353309674884BE184B06 /* ImageIO.framework */; settings = {ATTRIBUTES = (Weak, ); }; };
		4DDED70210CD427DB1EE802D /* CDVSplashScreen.m in Sources */ = {isa = PBXBuildFile; fileRef = EB6B78752C2F4E0795B4D895 /* CDVSplashScreen.m */; };
		5D877AD01F4E48E4A13BD21D /* CDVLocation.m in Sources */ = {isa = PBXBuildFile; fileRef = 5A51EBF11235498A8C7AA1FA /* CDVLocation.m */; };
		66C9300E538B418C984423A5 /* CDVDevice.m in Sources */ = {isa = PBXBuildFile; fileRef = AE3A410851214DEAA80069F5 /* CDVDevice.m */; };
		68E5150114F749FB98C6D2D3 /* CDVGlobalization.m in Sources */ = {isa = PBXBuildFile; fileRef = 02CA79D8BCDC4ED8ACFCDBAB /* CDVGlobalization.m */; };
		6A0A0ECFF1D143EE82F36113 /* CoreLocation.framework in Frameworks */ = {isa = PBXBuildFile; fileRef = 039EA0100A0B467192866F04 /* CoreLocation.framework */; };
		6AFF5BF91D6E424B00AB3073 /* CDVLaunchScreen.storyboard in Resources */ = {isa = PBXBuildFile; fileRef = 6AFF5BF81D6E424B00AB3073 /* CDVLaunchScreen.storyboard */; };
		6B589861F0014A8F95AE8DC0 /* CDVFile.m in Sources */ = {isa = PBXBuildFile; fileRef = 67F09D87586F488AB21F6EE9 /* CDVFile.m */; };
		6EB303F2748348128CE98765 /* CDVContacts.m in Sources */ = {isa = PBXBuildFile; fileRef = 8966F3A0F7C84335A7D4ECDA /* CDVContacts.m */; };
		7A467ACB2DB7471A996377CC /* CDVConnection.m in Sources */ = {isa = PBXBuildFile; fileRef = C838BBA90070431F8BC0F71E /* CDVConnection.m */; };
		8D0E8ACE6B39478D99C87A69 /* CDVAccelerometer.m in Sources */ = {isa = PBXBuildFile; fileRef = B090F8DF36FF4971819E5DB6 /* CDVAccelerometer.m */; };
		908413D3419E4C0FA961EA26 /* CDVLogger.m in Sources */ = {isa = PBXBuildFile; fileRef = 42E77C1CC9AA45EB8998601D /* CDVLogger.m */; };
		A22FFD4D878744C4AD7C5577 /* CDVVibration.m in Sources */ = {isa = PBXBuildFile; fileRef = 97B35CE8DCB9429D9B081BB8 /* CDVVibration.m */; };
		A6302EFA1BDF432CA4D8EB2C /* CDVStatusBar.m in Sources */ = {isa = PBXBuildFile; fileRef = 43FDCFC9AA4B4E22B51D0510 /* CDVStatusBar.m */; };
		ACCFC3551C5B47A3BF6668EB /* AddressBook.framework in Frameworks */ = {isa = PBXBuildFile; fileRef = C7513D1931BB446E95DBE3C1 /* AddressBook.framework */; settings = {ATTRIBUTES = (Weak, ); }; };
		B4C41D19379743A0B301C34A /* UIImage+CropScaleOrientation.m in Sources */ = {isa = PBXBuildFile; fileRef = 1EF4790F799E4D6481C07EE9 /* UIImage+CropScaleOrientation.m */; };
		C3909A0CBF9B43C5A007E6D6 /* CDVBattery.m in Sources */ = {isa = PBXBuildFile; fileRef = 3A7A303FDC3C4624B8BA406D /* CDVBattery.m */; };
		CD80152D752A4AF2BCF8C309 /* CDVCamera.m in Sources */ = {isa = PBXBuildFile; fileRef = 358E4F1C03AB49D1B6DDD135 /* CDVCamera.m */; };
		D217CEEEFFB543649D3A3842 /* CDVViewController+SplashScreen.m in Sources */ = {isa = PBXBuildFile; fileRef = 45D8175F543A4BE1ACC13896 /* CDVViewController+SplashScreen.m */; };
		D8E2505FC22046FDB4096E1F /* CoreMotion.framework in Frameworks */ = {isa = PBXBuildFile; fileRef = BC4C25E64D2C43A2B11295D2 /* CoreMotion.framework */; };
		D916B57E0F104A228D2878EA /* CDVReachability.m in Sources */ = {isa = PBXBuildFile; fileRef = 39E5D07F96F2400B9738C848 /* CDVReachability.m */; };
		D926DF66F42540AA898F52BB /* AudioToolbox.framework in Frameworks */ = {isa = PBXBuildFile; fileRef = 358B54A2E42D4310996C3CE7 /* AudioToolbox.framework */; settings = {ATTRIBUTES = (Weak, ); }; };
		DAFF0A0AED524EF09267E71E /* CDVContact.m in Sources */ = {isa = PBXBuildFile; fileRef = 8168F7C0E19541C59CC6AFD7 /* CDVContact.m */; };
		DE59824C52BA449AADB1A53B /* CDVCapture.m in Sources */ = {isa = PBXBuildFile; fileRef = 829CE80D779C40E2BFA6946A /* CDVCapture.m */; };
		E5EC54AD89E8413FA91E6D2B /* SystemConfiguration.framework in Frameworks */ = {isa = PBXBuildFile; fileRef = D6F25AEF3ECA48F99EC677EA /* SystemConfiguration.framework */; settings = {ATTRIBUTES = (Weak, ); }; };
		E9B792CB38344B438EF09F5E /* CDVLocalFilesystem.m in Sources */ = {isa = PBXBuildFile; fileRef = 509A64DEE7FF451F9CA715CC /* CDVLocalFilesystem.m */; };
		ED22B913801A4398A2E4F0D4 /* CDVAssetLibraryFilesystem.m in Sources */ = {isa = PBXBuildFile; fileRef = E1EF76E48A9B48AABC586595 /* CDVAssetLibraryFilesystem.m */; };
		ED4F56BAD3744EFC9995F8F2 /* AVFoundation.framework in Frameworks */ = {isa = PBXBuildFile; fileRef = A53AF6E6173E4136950EEB23 /* AVFoundation.framework */; };
		F3E58ED2D07D47B9B1DCE82A /* CDVSound.m in Sources */ = {isa = PBXBuildFile; fileRef = A44F9FBB928041CD90CBBF9A /* CDVSound.m */; };
		F639DADE0C6E4CC28F29443D /* CDVNotification.m in Sources */ = {isa = PBXBuildFile; fileRef = E15301D226EB48E4816A4E1B /* CDVNotification.m */; };
/* End PBXBuildFile section */

/* Begin PBXContainerItemProxy section */
		301BF534109A57CC0062928A /* PBXContainerItemProxy */ = {
			isa = PBXContainerItemProxy;
			containerPortal = 301BF52D109A57CC0062928A /* CordovaLib.xcodeproj */;
			proxyType = 2;
			remoteGlobalIDString = D2AAC07E0554694100DB518D;
			remoteInfo = CordovaLib;
		};
		301BF550109A68C00062928A /* PBXContainerItemProxy */ = {
			isa = PBXContainerItemProxy;
			containerPortal = 301BF52D109A57CC0062928A /* CordovaLib.xcodeproj */;
			proxyType = 1;
			remoteGlobalIDString = D2AAC07D0554694100DB518D;
			remoteInfo = CordovaLib;
		};
/* End PBXContainerItemProxy section */

/* Begin PBXFileReference section */
		0207DA571B56EA530066E2B4 /* Images.xcassets */ = {isa = PBXFileReference; lastKnownFileType = folder.assetcatalog; name = Images.xcassets; path = "Kondo Invaders/Images.xcassets"; sourceTree = SOURCE_ROOT; };
		02CA79D8BCDC4ED8ACFCDBAB /* CDVGlobalization.m */ = {isa = PBXFileReference; explicitFileType = undefined; fileEncoding = 4; includeInIndex = 0; lastKnownFileType = sourcecode.c.objc; name = CDVGlobalization.m; path = "cordova-plugin-globalization/CDVGlobalization.m"; sourceTree = "<group>"; };
		039EA0100A0B467192866F04 /* CoreLocation.framework */ = {isa = PBXFileReference; explicitFileType = undefined; fileEncoding = 9; includeInIndex = 0; lastKnownFileType = wrapper.framework; name = CoreLocation.framework; path = System/Library/Frameworks/CoreLocation.framework; sourceTree = SDKROOT; };
		090A4264FBDE4C81B64FB979 /* CDVCompass.m */ = {isa = PBXFileReference; explicitFileType = undefined; fileEncoding = 4; includeInIndex = 0; lastKnownFileType = sourcecode.c.objc; name = CDVCompass.m; path = "cordova-plugin-device-orientation/CDVCompass.m"; sourceTree = "<group>"; };
		0EED6E841A6E435AA419D0A6 /* UIImage+CropScaleOrientation.h */ = {isa = PBXFileReference; explicitFileType = undefined; fileEncoding = 4; includeInIndex = 0; lastKnownFileType = sourcecode.c.h; name = "UIImage+CropScaleOrientation.h"; path = "cordova-plugin-camera/UIImage+CropScaleOrientation.h"; sourceTree = "<group>"; };
		124596E9F2074BBCA9856764 /* CDVNotification.bundle */ = {isa = PBXFileReference; explicitFileType = undefined; fileEncoding = 9; includeInIndex = 0; lastKnownFileType = "wrapper.plug-in"; path = CDVNotification.bundle; sourceTree = "<group>"; };
		12E9D8411DD34083B58B60A3 /* CDVDevice.h */ = {isa = PBXFileReference; explicitFileType = undefined; fileEncoding = 4; includeInIndex = 0; lastKnownFileType = sourcecode.c.h; name = CDVDevice.h; path = "cordova-plugin-device/CDVDevice.h"; sourceTree = "<group>"; };
		161947728F8643089ABFB3D9 /* CDVJpegHeaderWriter.h */ = {isa = PBXFileReference; explicitFileType = undefined; fileEncoding = 4; includeInIndex = 0; lastKnownFileType = sourcecode.c.h; name = CDVJpegHeaderWriter.h; path = "cordova-plugin-camera/CDVJpegHeaderWriter.h"; sourceTree = "<group>"; };
		1D3623240D0F684500981E51 /* AppDelegate.h */ = {isa = PBXFileReference; fileEncoding = 4; lastKnownFileType = sourcecode.c.h; path = AppDelegate.h; sourceTree = "<group>"; };
		1D3623250D0F684500981E51 /* AppDelegate.m */ = {isa = PBXFileReference; fileEncoding = 4; lastKnownFileType = sourcecode.c.objc; path = AppDelegate.m; sourceTree = "<group>"; };
		1D6058910D05DD3D006BFB54 /* Kondo Invaders.app */ = {isa = PBXFileReference; explicitFileType = wrapper.application; includeInIndex = 0; path = "Kondo Invaders.app"; sourceTree = BUILT_PRODUCTS_DIR; };
		1E31228596DB4B308EC3F667 /* CDVExif.h */ = {isa = PBXFileReference; explicitFileType = undefined; fileEncoding = 4; includeInIndex = 0; lastKnownFileType = sourcecode.c.h; name = CDVExif.h; path = "cordova-plugin-camera/CDVExif.h"; sourceTree = "<group>"; };
		1EF4790F799E4D6481C07EE9 /* UIImage+CropScaleOrientation.m */ = {isa = PBXFileReference; explicitFileType = undefined; fileEncoding = 4; includeInIndex = 0; lastKnownFileType = sourcecode.c.objc; name = "UIImage+CropScaleOrientation.m"; path = "cordova-plugin-camera/UIImage+CropScaleOrientation.m"; sourceTree = "<group>"; };
		22ECC615842D4F1593DD5E2A /* CDVFile.h */ = {isa = PBXFileReference; explicitFileType = undefined; fileEncoding = 4; includeInIndex = 0; lastKnownFileType = sourcecode.c.h; name = CDVFile.h; path = "cordova-plugin-file/CDVFile.h"; sourceTree = "<group>"; };
		29B97316FDCFA39411CA2CEA /* main.m */ = {isa = PBXFileReference; fileEncoding = 4; lastKnownFileType = sourcecode.c.objc; path = main.m; sourceTree = "<group>"; };
		2DC7B4D33910489A94DCC461 /* CDVJpegHeaderWriter.m */ = {isa = PBXFileReference; explicitFileType = undefined; fileEncoding = 4; includeInIndex = 0; lastKnownFileType = sourcecode.c.objc; name = CDVJpegHeaderWriter.m; path = "cordova-plugin-camera/CDVJpegHeaderWriter.m"; sourceTree = "<group>"; };
		300C73749A8E4A86A7FBD41B /* CoreTelephony.framework */ = {isa = PBXFileReference; explicitFileType = undefined; fileEncoding = 9; includeInIndex = 0; lastKnownFileType = wrapper.framework; name = CoreTelephony.framework; path = System/Library/Frameworks/CoreTelephony.framework; sourceTree = SDKROOT; };
		301BF52D109A57CC0062928A /* CordovaLib.xcodeproj */ = {isa = PBXFileReference; lastKnownFileType = "wrapper.pb-project"; name = CordovaLib.xcodeproj; path = CordovaLib/CordovaLib.xcodeproj; sourceTree = "<group>"; };
		301BF56E109A69640062928A /* www */ = {isa = PBXFileReference; lastKnownFileType = folder; path = www; sourceTree = SOURCE_ROOT; };
		302D95EE14D2391D003F00A1 /* MainViewController.h */ = {isa = PBXFileReference; fileEncoding = 4; lastKnownFileType = sourcecode.c.h; path = MainViewController.h; sourceTree = "<group>"; };
		302D95EF14D2391D003F00A1 /* MainViewController.m */ = {isa = PBXFileReference; fileEncoding = 4; lastKnownFileType = sourcecode.c.objc; path = MainViewController.m; sourceTree = "<group>"; };
		302D95F014D2391D003F00A1 /* MainViewController.xib */ = {isa = PBXFileReference; fileEncoding = 4; lastKnownFileType = file.xib; path = MainViewController.xib; sourceTree = "<group>"; };
		3047A50F1AB8059700498E2A /* build-debug.xcconfig */ = {isa = PBXFileReference; fileEncoding = 4; lastKnownFileType = text.xcconfig; name = "build-debug.xcconfig"; path = "cordova/build-debug.xcconfig"; sourceTree = SOURCE_ROOT; };
		3047A5101AB8059700498E2A /* build-release.xcconfig */ = {isa = PBXFileReference; fileEncoding = 4; lastKnownFileType = text.xcconfig; name = "build-release.xcconfig"; path = "cordova/build-release.xcconfig"; sourceTree = SOURCE_ROOT; };
		3047A5111AB8059700498E2A /* build.xcconfig */ = {isa = PBXFileReference; fileEncoding = 4; lastKnownFileType = text.xcconfig; name = build.xcconfig; path = cordova/build.xcconfig; sourceTree = SOURCE_ROOT; };
		32C2C955CDF74FAF91C30BFC /* CDVFileTransfer.m */ = {isa = PBXFileReference; explicitFileType = undefined; fileEncoding = 4; includeInIndex = 0; lastKnownFileType = sourcecode.c.objc; name = CDVFileTransfer.m; path = "cordova-plugin-file-transfer/CDVFileTransfer.m"; sourceTree = "<group>"; };
		32CA4F630368D1EE00C91783 /* Kondo Invaders-Prefix.pch */ = {isa = PBXFileReference; fileEncoding = 4; lastKnownFileType = sourcecode.c.h; path = "Kondo Invaders-Prefix.pch"; sourceTree = "<group>"; };
		358B54A2E42D4310996C3CE7 /* AudioToolbox.framework */ = {isa = PBXFileReference; explicitFileType = undefined; fileEncoding = 9; includeInIndex = 0; lastKnownFileType = wrapper.framework; name = AudioToolbox.framework; path = System/Library/Frameworks/AudioToolbox.framework; sourceTree = SDKROOT; };
		358E4F1C03AB49D1B6DDD135 /* CDVCamera.m */ = {isa = PBXFileReference; explicitFileType = undefined; fileEncoding = 4; includeInIndex = 0; lastKnownFileType = sourcecode.c.objc; name = CDVCamera.m; path = "cordova-plugin-camera/CDVCamera.m"; sourceTree = "<group>"; };
		39E5D07F96F2400B9738C848 /* CDVReachability.m */ = {isa = PBXFileReference; explicitFileType = undefined; fileEncoding = 4; includeInIndex = 0; lastKnownFileType = sourcecode.c.objc; name = CDVReachability.m; path = "cordova-plugin-network-information/CDVReachability.m"; sourceTree = "<group>"; };
		3A7A303FDC3C4624B8BA406D /* CDVBattery.m */ = {isa = PBXFileReference; explicitFileType = undefined; fileEncoding = 4; includeInIndex = 0; lastKnownFileType = sourcecode.c.objc; name = CDVBattery.m; path = "cordova-plugin-battery-status/CDVBattery.m"; sourceTree = "<group>"; };
		42E77C1CC9AA45EB8998601D /* CDVLogger.m */ = {isa = PBXFileReference; explicitFileType = undefined; fileEncoding = 4; includeInIndex = 0; lastKnownFileType = sourcecode.c.objc; name = CDVLogger.m; path = "cordova-plugin-console/CDVLogger.m"; sourceTree = "<group>"; };
		4342A467A2DE4C638D709313 /* CDVSplashScreen.h */ = {isa = PBXFileReference; explicitFileType = undefined; fileEncoding = 4; includeInIndex = 0; lastKnownFileType = sourcecode.c.h; name = CDVSplashScreen.h; path = "cordova-plugin-splashscreen/CDVSplashScreen.h"; sourceTree = "<group>"; };
		43FDCFC9AA4B4E22B51D0510 /* CDVStatusBar.m */ = {isa = PBXFileReference; explicitFileType = undefined; fileEncoding = 4; includeInIndex = 0; lastKnownFileType = sourcecode.c.objc; name = CDVStatusBar.m; path = "cordova-plugin-statusbar/CDVStatusBar.m"; sourceTree = "<group>"; };
		44E0872BAF9B4D20A15F3745 /* CDVInAppBrowser.h */ = {isa = PBXFileReference; explicitFileType = undefined; fileEncoding = 4; includeInIndex = 0; lastKnownFileType = sourcecode.c.h; name = CDVInAppBrowser.h; path = "cordova-plugin-inappbrowser/CDVInAppBrowser.h"; sourceTree = "<group>"; };
		45D8175F543A4BE1ACC13896 /* CDVViewController+SplashScreen.m */ = {isa = PBXFileReference; explicitFileType = undefined; fileEncoding = 4; includeInIndex = 0; lastKnownFileType = sourcecode.c.objc; name = "CDVViewController+SplashScreen.m"; path = "cordova-plugin-splashscreen/CDVViewController+SplashScreen.m"; sourceTree = "<group>"; };
		48363C5A23CB442696AD1E32 /* AddressBookUI.framework */ = {isa = PBXFileReference; explicitFileType = undefined; fileEncoding = 9; includeInIndex = 0; lastKnownFileType = wrapper.framework; name = AddressBookUI.framework; path = System/Library/Frameworks/AddressBookUI.framework; sourceTree = SDKROOT; };
		4B5D5BD376E842DE840A9EDA /* CDVConnection.h */ = {isa = PBXFileReference; explicitFileType = undefined; fileEncoding = 4; includeInIndex = 0; lastKnownFileType = sourcecode.c.h; name = CDVConnection.h; path = "cordova-plugin-network-information/CDVConnection.h"; sourceTree = "<group>"; };
		509A64DEE7FF451F9CA715CC /* CDVLocalFilesystem.m */ = {isa = PBXFileReference; explicitFileType = undefined; fileEncoding = 4; includeInIndex = 0; lastKnownFileType = sourcecode.c.objc; name = CDVLocalFilesystem.m; path = "cordova-plugin-file/CDVLocalFilesystem.m"; sourceTree = "<group>"; };
		5A51EBF11235498A8C7AA1FA /* CDVLocation.m */ = {isa = PBXFileReference; explicitFileType = undefined; fileEncoding = 4; includeInIndex = 0; lastKnownFileType = sourcecode.c.objc; name = CDVLocation.m; path = "cordova-plugin-geolocation/CDVLocation.m"; sourceTree = "<group>"; };
		5B76CF04A5A64080B7A87BBE /* CDVCapture.bundle */ = {isa = PBXFileReference; explicitFileType = undefined; fileEncoding = 9; includeInIndex = 0; lastKnownFileType = "wrapper.plug-in"; path = CDVCapture.bundle; sourceTree = "<group>"; };
		62B15E3212734FABB7EFAF12 /* CDVAssetLibraryFilesystem.h */ = {isa = PBXFileReference; explicitFileType = undefined; fileEncoding = 4; includeInIndex = 0; lastKnownFileType = sourcecode.c.h; name = CDVAssetLibraryFilesystem.h; path = "cordova-plugin-file/CDVAssetLibraryFilesystem.h"; sourceTree = "<group>"; };
		67F09D87586F488AB21F6EE9 /* CDVFile.m */ = {isa = PBXFileReference; explicitFileType = undefined; fileEncoding = 4; includeInIndex = 0; lastKnownFileType = sourcecode.c.objc; name = CDVFile.m; path = "cordova-plugin-file/CDVFile.m"; sourceTree = "<group>"; };
		69AA2322166847E6954EB810 /* CDVInAppBrowser.m */ = {isa = PBXFileReference; explicitFileType = undefined; fileEncoding = 4; includeInIndex = 0; lastKnownFileType = sourcecode.c.objc; name = CDVInAppBrowser.m; path = "cordova-plugin-inappbrowser/CDVInAppBrowser.m"; sourceTree = "<group>"; };
		6AFF5BF81D6E424B00AB3073 /* CDVLaunchScreen.storyboard */ = {isa = PBXFileReference; fileEncoding = 4; lastKnownFileType = file.storyboard; name = CDVLaunchScreen.storyboard; path = "Kondo Invaders/CDVLaunchScreen.storyboard"; sourceTree = SOURCE_ROOT; };
		70D850C2CF4A4F9EBDA54270 /* CDVFileTransfer.h */ = {isa = PBXFileReference; explicitFileType = undefined; fileEncoding = 4; includeInIndex = 0; lastKnownFileType = sourcecode.c.h; name = CDVFileTransfer.h; path = "cordova-plugin-file-transfer/CDVFileTransfer.h"; sourceTree = "<group>"; };
		7225353309674884BE184B06 /* ImageIO.framework */ = {isa = PBXFileReference; explicitFileType = undefined; fileEncoding = 9; includeInIndex = 0; lastKnownFileType = wrapper.framework; name = ImageIO.framework; path = System/Library/Frameworks/ImageIO.framework; sourceTree = SDKROOT; };
		7BF90F3768C846719B7DF985 /* CDVLocalFilesystem.h */ = {isa = PBXFileReference; explicitFileType = undefined; fileEncoding = 4; includeInIndex = 0; lastKnownFileType = sourcecode.c.h; name = CDVLocalFilesystem.h; path = "cordova-plugin-file/CDVLocalFilesystem.h"; sourceTree = "<group>"; };
		7F82B1E459384690AC61AC7C /* CDVCamera.h */ = {isa = PBXFileReference; explicitFileType = undefined; fileEncoding = 4; includeInIndex = 0; lastKnownFileType = sourcecode.c.h; name = CDVCamera.h; path = "cordova-plugin-camera/CDVCamera.h"; sourceTree = "<group>"; };
		8168F7C0E19541C59CC6AFD7 /* CDVContact.m */ = {isa = PBXFileReference; explicitFileType = undefined; fileEncoding = 4; includeInIndex = 0; lastKnownFileType = sourcecode.c.objc; name = CDVContact.m; path = "cordova-plugin-contacts/CDVContact.m"; sourceTree = "<group>"; };
		829CE80D779C40E2BFA6946A /* CDVCapture.m */ = {isa = PBXFileReference; explicitFileType = undefined; fileEncoding = 4; includeInIndex = 0; lastKnownFileType = sourcecode.c.objc; name = CDVCapture.m; path = "cordova-plugin-media-capture/CDVCapture.m"; sourceTree = "<group>"; };
		8966F3A0F7C84335A7D4ECDA /* CDVContacts.m */ = {isa = PBXFileReference; explicitFileType = undefined; fileEncoding = 4; includeInIndex = 0; lastKnownFileType = sourcecode.c.objc; name = CDVContacts.m; path = "cordova-plugin-contacts/CDVContacts.m"; sourceTree = "<group>"; };
		8D1107310486CEB800E47090 /* Kondo Invaders-Info.plist */ = {isa = PBXFileReference; fileEncoding = 4; lastKnownFileType = text.plist.xml; name = "Kondo Invaders-Info.plist"; path = "Kondo Invaders/Kondo Invaders-Info.plist"; plistStructureDefinitionIdentifier = "com.apple.xcode.plist.structure-definition.iphone.info-plist"; sourceTree = SOURCE_ROOT; };
		8E215CC2EE584A9BA40BBB5A /* CDVVibration.h */ = {isa = PBXFileReference; explicitFileType = undefined; fileEncoding = 4; includeInIndex = 0; lastKnownFileType = sourcecode.c.h; name = CDVVibration.h; path = "cordova-plugin-vibration/CDVVibration.h"; sourceTree = "<group>"; };
		9204802903394540924230A6 /* CDVNotification.h */ = {isa = PBXFileReference; explicitFileType = undefined; fileEncoding = 4; includeInIndex = 0; lastKnownFileType = sourcecode.c.h; name = CDVNotification.h; path = "cordova-plugin-dialogs/CDVNotification.h"; sourceTree = "<group>"; };
		97B35CE8DCB9429D9B081BB8 /* CDVVibration.m */ = {isa = PBXFileReference; explicitFileType = undefined; fileEncoding = 4; includeInIndex = 0; lastKnownFileType = sourcecode.c.objc; name = CDVVibration.m; path = "cordova-plugin-vibration/CDVVibration.m"; sourceTree = "<group>"; };
		A28D13B57C684A3AB2D1A6F9 /* CDVContacts.h */ = {isa = PBXFileReference; explicitFileType = undefined; fileEncoding = 4; includeInIndex = 0; lastKnownFileType = sourcecode.c.h; name = CDVContacts.h; path = "cordova-plugin-contacts/CDVContacts.h"; sourceTree = "<group>"; };
		A331F3B68EB34C0890A34E62 /* CDVGlobalization.h */ = {isa = PBXFileReference; explicitFileType = undefined; fileEncoding = 4; includeInIndex = 0; lastKnownFileType = sourcecode.c.h; name = CDVGlobalization.h; path = "cordova-plugin-globalization/CDVGlobalization.h"; sourceTree = "<group>"; };
		A44F9FBB928041CD90CBBF9A /* CDVSound.m */ = {isa = PBXFileReference; explicitFileType = undefined; fileEncoding = 4; includeInIndex = 0; lastKnownFileType = sourcecode.c.objc; name = CDVSound.m; path = "cordova-plugin-media/CDVSound.m"; sourceTree = "<group>"; };
		A53AF6E6173E4136950EEB23 /* AVFoundation.framework */ = {isa = PBXFileReference; explicitFileType = undefined; fileEncoding = 9; includeInIndex = 0; lastKnownFileType = wrapper.framework; name = AVFoundation.framework; path = System/Library/Frameworks/AVFoundation.framework; sourceTree = SDKROOT; };
		AE3A410851214DEAA80069F5 /* CDVDevice.m */ = {isa = PBXFileReference; explicitFileType = undefined; fileEncoding = 4; includeInIndex = 0; lastKnownFileType = sourcecode.c.objc; name = CDVDevice.m; path = "cordova-plugin-device/CDVDevice.m"; sourceTree = "<group>"; };
		AF560769A3E849C7B37CC900 /* CDVLocation.h */ = {isa = PBXFileReference; explicitFileType = undefined; fileEncoding = 4; includeInIndex = 0; lastKnownFileType = sourcecode.c.h; name = CDVLocation.h; path = "cordova-plugin-geolocation/CDVLocation.h"; sourceTree = "<group>"; };
		AF89B79A617C4AF9A376BADB /* CDVStatusBar.h */ = {isa = PBXFileReference; explicitFileType = undefined; fileEncoding = 4; includeInIndex = 0; lastKnownFileType = sourcecode.c.h; name = CDVStatusBar.h; path = "cordova-plugin-statusbar/CDVStatusBar.h"; sourceTree = "<group>"; };
		B090F8DF36FF4971819E5DB6 /* CDVAccelerometer.m */ = {isa = PBXFileReference; explicitFileType = undefined; fileEncoding = 4; includeInIndex = 0; lastKnownFileType = sourcecode.c.objc; name = CDVAccelerometer.m; path = "cordova-plugin-device-motion/CDVAccelerometer.m"; sourceTree = "<group>"; };
		B5F18B01FE7E4EF2A6774DAB /* CDVCompass.h */ = {isa = PBXFileReference; explicitFileType = undefined; fileEncoding = 4; includeInIndex = 0; lastKnownFileType = sourcecode.c.h; name = CDVCompass.h; path = "cordova-plugin-device-orientation/CDVCompass.h"; sourceTree = "<group>"; };
		BC3CB43A00E84C3AB1C8C492 /* CDVContact.h */ = {isa = PBXFileReference; explicitFileType = undefined; fileEncoding = 4; includeInIndex = 0; lastKnownFileType = sourcecode.c.h; name = CDVContact.h; path = "cordova-plugin-contacts/CDVContact.h"; sourceTree = "<group>"; };
		BC4C25E64D2C43A2B11295D2 /* CoreMotion.framework */ = {isa = PBXFileReference; explicitFileType = undefined; fileEncoding = 9; includeInIndex = 0; lastKnownFileType = wrapper.framework; name = CoreMotion.framework; path = System/Library/Frameworks/CoreMotion.framework; sourceTree = SDKROOT; };
		C0176872167345678ED7C56C /* CDVBattery.h */ = {isa = PBXFileReference; explicitFileType = undefined; fileEncoding = 4; includeInIndex = 0; lastKnownFileType = sourcecode.c.h; name = CDVBattery.h; path = "cordova-plugin-battery-status/CDVBattery.h"; sourceTree = "<group>"; };
		C6B43A09A6384F818F675F7C /* CDVReachability.h */ = {isa = PBXFileReference; explicitFileType = undefined; fileEncoding = 4; includeInIndex = 0; lastKnownFileType = sourcecode.c.h; name = CDVReachability.h; path = "cordova-plugin-network-information/CDVReachability.h"; sourceTree = "<group>"; };
		C7513D1931BB446E95DBE3C1 /* AddressBook.framework */ = {isa = PBXFileReference; explicitFileType = undefined; fileEncoding = 9; includeInIndex = 0; lastKnownFileType = wrapper.framework; name = AddressBook.framework; path = System/Library/Frameworks/AddressBook.framework; sourceTree = SDKROOT; };
		C838BBA90070431F8BC0F71E /* CDVConnection.m */ = {isa = PBXFileReference; explicitFileType = undefined; fileEncoding = 4; includeInIndex = 0; lastKnownFileType = sourcecode.c.objc; name = CDVConnection.m; path = "cordova-plugin-network-information/CDVConnection.m"; sourceTree = "<group>"; };
		C841F1BBD91940A8B911C932 /* CDVCapture.h */ = {isa = PBXFileReference; explicitFileType = undefined; fileEncoding = 4; includeInIndex = 0; lastKnownFileType = sourcecode.c.h; name = CDVCapture.h; path = "cordova-plugin-media-capture/CDVCapture.h"; sourceTree = "<group>"; };
		CDF73119E9AC4362B990F93F /* CDVSound.h */ = {isa = PBXFileReference; explicitFileType = undefined; fileEncoding = 4; includeInIndex = 0; lastKnownFileType = sourcecode.c.h; name = CDVSound.h; path = "cordova-plugin-media/CDVSound.h"; sourceTree = "<group>"; };
		CFE2B86C74F14F61B4391614 /* CDVViewController+SplashScreen.h */ = {isa = PBXFileReference; explicitFileType = undefined; fileEncoding = 4; includeInIndex = 0; lastKnownFileType = sourcecode.c.h; name = "CDVViewController+SplashScreen.h"; path = "cordova-plugin-splashscreen/CDVViewController+SplashScreen.h"; sourceTree = "<group>"; };
		D295AE3574364A71BD29BB20 /* CDVLogger.h */ = {isa = PBXFileReference; explicitFileType = undefined; fileEncoding = 4; includeInIndex = 0; lastKnownFileType = sourcecode.c.h; name = CDVLogger.h; path = "cordova-plugin-console/CDVLogger.h"; sourceTree = "<group>"; };
		D6F25AEF3ECA48F99EC677EA /* SystemConfiguration.framework */ = {isa = PBXFileReference; explicitFileType = undefined; fileEncoding = 9; includeInIndex = 0; lastKnownFileType = wrapper.framework; name = SystemConfiguration.framework; path = System/Library/Frameworks/SystemConfiguration.framework; sourceTree = SDKROOT; };
		E15301D226EB48E4816A4E1B /* CDVNotification.m */ = {isa = PBXFileReference; explicitFileType = undefined; fileEncoding = 4; includeInIndex = 0; lastKnownFileType = sourcecode.c.objc; name = CDVNotification.m; path = "cordova-plugin-dialogs/CDVNotification.m"; sourceTree = "<group>"; };
		E1EF76E48A9B48AABC586595 /* CDVAssetLibraryFilesystem.m */ = {isa = PBXFileReference; explicitFileType = undefined; fileEncoding = 4; includeInIndex = 0; lastKnownFileType = sourcecode.c.objc; name = CDVAssetLibraryFilesystem.m; path = "cordova-plugin-file/CDVAssetLibraryFilesystem.m"; sourceTree = "<group>"; };
		E6510E4FEA7F470182A91747 /* CDVAccelerometer.h */ = {isa = PBXFileReference; explicitFileType = undefined; fileEncoding = 4; includeInIndex = 0; lastKnownFileType = sourcecode.c.h; name = CDVAccelerometer.h; path = "cordova-plugin-device-motion/CDVAccelerometer.h"; sourceTree = "<group>"; };
		EB6B78752C2F4E0795B4D895 /* CDVSplashScreen.m */ = {isa = PBXFileReference; explicitFileType = undefined; fileEncoding = 4; includeInIndex = 0; lastKnownFileType = sourcecode.c.objc; name = CDVSplashScreen.m; path = "cordova-plugin-splashscreen/CDVSplashScreen.m"; sourceTree = "<group>"; };
		EB87FDF31871DA8E0020F90C /* www */ = {isa = PBXFileReference; lastKnownFileType = folder; name = www; path = ../../www; sourceTree = "<group>"; };
		EB87FDF41871DAF40020F90C /* config.xml */ = {isa = PBXFileReference; lastKnownFileType = text.xml; name = config.xml; path = ../../config.xml; sourceTree = "<group>"; };
		ED33DF2A687741AEAF9F8254 /* Bridging-Header.h */ = {isa = PBXFileReference; fileEncoding = 4; lastKnownFileType = sourcecode.c.h; path = "Bridging-Header.h"; sourceTree = "<group>"; };
		F840E1F0165FE0F500CFE078 /* config.xml */ = {isa = PBXFileReference; lastKnownFileType = text.xml; name = config.xml; path = "Kondo Invaders/config.xml"; sourceTree = "<group>"; };
/* End PBXFileReference section */

/* Begin PBXFrameworksBuildPhase section */
		1D60588F0D05DD3D006BFB54 /* Frameworks */ = {
			isa = PBXFrameworksBuildPhase;
			buildActionMask = 2147483647;
			files = (
				301BF552109A68D80062928A /* libCordova.a in Frameworks */,
				3E9C7A3B62F54C3893BD0F9B /* ImageIO.framework in Frameworks */,
				6A0A0ECFF1D143EE82F36113 /* CoreLocation.framework in Frameworks */,
				ED4F56BAD3744EFC9995F8F2 /* AVFoundation.framework in Frameworks */,
				ACCFC3551C5B47A3BF6668EB /* AddressBook.framework in Frameworks */,
				213E9E27A2D14144A95DC6A4 /* AddressBookUI.framework in Frameworks */,
				D8E2505FC22046FDB4096E1F /* CoreMotion.framework in Frameworks */,
				D926DF66F42540AA898F52BB /* AudioToolbox.framework in Frameworks */,
				E5EC54AD89E8413FA91E6D2B /* SystemConfiguration.framework in Frameworks */,
				24F91DC354084D4F85183E13 /* CoreTelephony.framework in Frameworks */,
			);
			runOnlyForDeploymentPostprocessing = 0;
		};
/* End PBXFrameworksBuildPhase section */

/* Begin PBXGroup section */
		080E96DDFE201D6D7F000001 /* Classes */ = {
			isa = PBXGroup;
			children = (
				302D95EE14D2391D003F00A1 /* MainViewController.h */,
				302D95EF14D2391D003F00A1 /* MainViewController.m */,
				302D95F014D2391D003F00A1 /* MainViewController.xib */,
				1D3623240D0F684500981E51 /* AppDelegate.h */,
				1D3623250D0F684500981E51 /* AppDelegate.m */,
			);
			name = Classes;
			path = "Kondo Invaders/Classes";
			sourceTree = SOURCE_ROOT;
		};
		19C28FACFE9D520D11CA2CBB /* Products */ = {
			isa = PBXGroup;
			children = (
				1D6058910D05DD3D006BFB54 /* Kondo Invaders.app */,
			);
			name = Products;
			sourceTree = "<group>";
		};
		29B97314FDCFA39411CA2CEA /* CustomTemplate */ = {
			isa = PBXGroup;
			children = (
				EB87FDF41871DAF40020F90C /* config.xml */,
				EB87FDF31871DA8E0020F90C /* www */,
				EB87FDF11871DA420020F90C /* Staging */,
				301BF52D109A57CC0062928A /* CordovaLib.xcodeproj */,
				080E96DDFE201D6D7F000001 /* Classes */,
				307C750510C5A3420062BCA9 /* Plugins */,
				29B97315FDCFA39411CA2CEA /* Other Sources */,
				29B97317FDCFA39411CA2CEA /* Resources */,
				29B97323FDCFA39411CA2CEA /* Frameworks */,
				19C28FACFE9D520D11CA2CBB /* Products */,
			);
			name = CustomTemplate;
			sourceTree = "<group>";
		};
		29B97315FDCFA39411CA2CEA /* Other Sources */ = {
			isa = PBXGroup;
			children = (
				32CA4F630368D1EE00C91783 /* Kondo Invaders-Prefix.pch */,
				29B97316FDCFA39411CA2CEA /* main.m */,
				ED33DF2A687741AEAF9F8254 /* Bridging-Header.h */,
			);
			name = "Other Sources";
			path = "Kondo Invaders";
			sourceTree = "<group>";
		};
		29B97317FDCFA39411CA2CEA /* Resources */ = {
			isa = PBXGroup;
			children = (
				0207DA571B56EA530066E2B4 /* Images.xcassets */,
				3047A50E1AB8057F00498E2A /* config */,
				8D1107310486CEB800E47090 /* Kondo Invaders-Info.plist */,
				6AFF5BF81D6E424B00AB3073 /* CDVLaunchScreen.storyboard */,
				124596E9F2074BBCA9856764 /* CDVNotification.bundle */,
				5B76CF04A5A64080B7A87BBE /* CDVCapture.bundle */,
			);
			name = Resources;
			path = "Kondo Invaders/Resources";
			sourceTree = "<group>";
		};
		29B97323FDCFA39411CA2CEA /* Frameworks */ = {
			isa = PBXGroup;
			children = (
				7225353309674884BE184B06 /* ImageIO.framework */,
				039EA0100A0B467192866F04 /* CoreLocation.framework */,
				A53AF6E6173E4136950EEB23 /* AVFoundation.framework */,
				C7513D1931BB446E95DBE3C1 /* AddressBook.framework */,
				48363C5A23CB442696AD1E32 /* AddressBookUI.framework */,
				BC4C25E64D2C43A2B11295D2 /* CoreMotion.framework */,
				358B54A2E42D4310996C3CE7 /* AudioToolbox.framework */,
				D6F25AEF3ECA48F99EC677EA /* SystemConfiguration.framework */,
				300C73749A8E4A86A7FBD41B /* CoreTelephony.framework */,
			);
			name = Frameworks;
			sourceTree = "<group>";
		};
		301BF52E109A57CC0062928A /* Products */ = {
			isa = PBXGroup;
			children = (
				301BF535109A57CC0062928A /* libCordova.a */,
			);
			name = Products;
			sourceTree = "<group>";
		};
		3047A50E1AB8057F00498E2A /* config */ = {
			isa = PBXGroup;
			children = (
				3047A50F1AB8059700498E2A /* build-debug.xcconfig */,
				3047A5101AB8059700498E2A /* build-release.xcconfig */,
				3047A5111AB8059700498E2A /* build.xcconfig */,
			);
			name = config;
			sourceTree = "<group>";
		};
		307C750510C5A3420062BCA9 /* Plugins */ = {
			isa = PBXGroup;
			children = (
				3A7A303FDC3C4624B8BA406D /* CDVBattery.m */,
				C0176872167345678ED7C56C /* CDVBattery.h */,
				1EF4790F799E4D6481C07EE9 /* UIImage+CropScaleOrientation.m */,
				358E4F1C03AB49D1B6DDD135 /* CDVCamera.m */,
				2DC7B4D33910489A94DCC461 /* CDVJpegHeaderWriter.m */,
				0EED6E841A6E435AA419D0A6 /* UIImage+CropScaleOrientation.h */,
				7F82B1E459384690AC61AC7C /* CDVCamera.h */,
				161947728F8643089ABFB3D9 /* CDVJpegHeaderWriter.h */,
				1E31228596DB4B308EC3F667 /* CDVExif.h */,
				42E77C1CC9AA45EB8998601D /* CDVLogger.m */,
				D295AE3574364A71BD29BB20 /* CDVLogger.h */,
				8966F3A0F7C84335A7D4ECDA /* CDVContacts.m */,
				8168F7C0E19541C59CC6AFD7 /* CDVContact.m */,
				A28D13B57C684A3AB2D1A6F9 /* CDVContacts.h */,
				BC3CB43A00E84C3AB1C8C492 /* CDVContact.h */,
				AE3A410851214DEAA80069F5 /* CDVDevice.m */,
				12E9D8411DD34083B58B60A3 /* CDVDevice.h */,
				B090F8DF36FF4971819E5DB6 /* CDVAccelerometer.m */,
				E6510E4FEA7F470182A91747 /* CDVAccelerometer.h */,
				090A4264FBDE4C81B64FB979 /* CDVCompass.m */,
				B5F18B01FE7E4EF2A6774DAB /* CDVCompass.h */,
				E15301D226EB48E4816A4E1B /* CDVNotification.m */,
				9204802903394540924230A6 /* CDVNotification.h */,
				67F09D87586F488AB21F6EE9 /* CDVFile.m */,
				509A64DEE7FF451F9CA715CC /* CDVLocalFilesystem.m */,
				E1EF76E48A9B48AABC586595 /* CDVAssetLibraryFilesystem.m */,
				22ECC615842D4F1593DD5E2A /* CDVFile.h */,
				7BF90F3768C846719B7DF985 /* CDVLocalFilesystem.h */,
				62B15E3212734FABB7EFAF12 /* CDVAssetLibraryFilesystem.h */,
				32C2C955CDF74FAF91C30BFC /* CDVFileTransfer.m */,
				70D850C2CF4A4F9EBDA54270 /* CDVFileTransfer.h */,
				5A51EBF11235498A8C7AA1FA /* CDVLocation.m */,
				AF560769A3E849C7B37CC900 /* CDVLocation.h */,
				02CA79D8BCDC4ED8ACFCDBAB /* CDVGlobalization.m */,
				A331F3B68EB34C0890A34E62 /* CDVGlobalization.h */,
				69AA2322166847E6954EB810 /* CDVInAppBrowser.m */,
				44E0872BAF9B4D20A15F3745 /* CDVInAppBrowser.h */,
				A44F9FBB928041CD90CBBF9A /* CDVSound.m */,
				CDF73119E9AC4362B990F93F /* CDVSound.h */,
				829CE80D779C40E2BFA6946A /* CDVCapture.m */,
				C841F1BBD91940A8B911C932 /* CDVCapture.h */,
				C838BBA90070431F8BC0F71E /* CDVConnection.m */,
				39E5D07F96F2400B9738C848 /* CDVReachability.m */,
				4B5D5BD376E842DE840A9EDA /* CDVConnection.h */,
				C6B43A09A6384F818F675F7C /* CDVReachability.h */,
				EB6B78752C2F4E0795B4D895 /* CDVSplashScreen.m */,
				45D8175F543A4BE1ACC13896 /* CDVViewController+SplashScreen.m */,
				4342A467A2DE4C638D709313 /* CDVSplashScreen.h */,
				CFE2B86C74F14F61B4391614 /* CDVViewController+SplashScreen.h */,
				43FDCFC9AA4B4E22B51D0510 /* CDVStatusBar.m */,
				AF89B79A617C4AF9A376BADB /* CDVStatusBar.h */,
				97B35CE8DCB9429D9B081BB8 /* CDVVibration.m */,
				8E215CC2EE584A9BA40BBB5A /* CDVVibration.h */,
			);
			name = Plugins;
			path = "Kondo Invaders/Plugins";
			sourceTree = SOURCE_ROOT;
		};
		EB87FDF11871DA420020F90C /* Staging */ = {
			isa = PBXGroup;
			children = (
				F840E1F0165FE0F500CFE078 /* config.xml */,
				301BF56E109A69640062928A /* www */,
			);
			name = Staging;
			sourceTree = "<group>";
		};
/* End PBXGroup section */

/* Begin PBXNativeTarget section */
		1D6058900D05DD3D006BFB54 /* Kondo Invaders */ = {
			isa = PBXNativeTarget;
			buildConfigurationList = 1D6058960D05DD3E006BFB54 /* Build configuration list for PBXNativeTarget "Kondo Invaders" */;
			buildPhases = (
				304B58A110DAC018002A0835 /* Copy www directory */,
				1D60588D0D05DD3D006BFB54 /* Resources */,
				1D60588E0D05DD3D006BFB54 /* Sources */,
				1D60588F0D05DD3D006BFB54 /* Frameworks */,
			);
			buildRules = (
			);
			dependencies = (
				301BF551109A68C00062928A /* PBXTargetDependency */,
			);
			name = "Kondo Invaders";
			productName = "Kondo Invaders";
			productReference = 1D6058910D05DD3D006BFB54 /* Kondo Invaders.app */;
			productType = "com.apple.product-type.application";
		};
/* End PBXNativeTarget section */

/* Begin PBXProject section */
		29B97313FDCFA39411CA2CEA /* Project object */ = {
			isa = PBXProject;
			attributes = {
				LastUpgradeCheck = 510;
				TargetAttributes = {
					1D6058900D05DD3D006BFB54 = {
						DevelopmentTeam = JU5Q9F8CVN;
					};
				};
			};
			buildConfigurationList = C01FCF4E08A954540054247B /* Build configuration list for PBXProject "Kondo Invaders" */;
			compatibilityVersion = "Xcode 3.2";
			developmentRegion = English;
			hasScannedForEncodings = 1;
			knownRegions = (
				en,
			);
			mainGroup = 29B97314FDCFA39411CA2CEA /* CustomTemplate */;
			projectDirPath = "";
			projectReferences = (
				{
					ProductGroup = 301BF52E109A57CC0062928A /* Products */;
					ProjectRef = 301BF52D109A57CC0062928A /* CordovaLib.xcodeproj */;
				},
			);
			projectRoot = "";
			targets = (
				1D6058900D05DD3D006BFB54 /* Kondo Invaders */,
			);
		};
/* End PBXProject section */

/* Begin PBXReferenceProxy section */
		301BF535109A57CC0062928A /* libCordova.a */ = {
			isa = PBXReferenceProxy;
			fileType = archive.ar;
			path = libCordova.a;
			remoteRef = 301BF534109A57CC0062928A /* PBXContainerItemProxy */;
			sourceTree = BUILT_PRODUCTS_DIR;
		};
/* End PBXReferenceProxy section */

/* Begin PBXResourcesBuildPhase section */
		1D60588D0D05DD3D006BFB54 /* Resources */ = {
			isa = PBXResourcesBuildPhase;
			buildActionMask = 2147483647;
			files = (
				302D95F214D2391D003F00A1 /* MainViewController.xib in Resources */,
				0207DA581B56EA530066E2B4 /* Images.xcassets in Resources */,
				6AFF5BF91D6E424B00AB3073 /* CDVLaunchScreen.storyboard in Resources */,
				22616B7A5510420499E2EE6E /* CDVNotification.bundle in Resources */,
				110F56A7121D4D85B004816F /* CDVCapture.bundle in Resources */,
			);
			runOnlyForDeploymentPostprocessing = 0;
		};
/* End PBXResourcesBuildPhase section */

/* Begin PBXShellScriptBuildPhase section */
		304B58A110DAC018002A0835 /* Copy www directory */ = {
			isa = PBXShellScriptBuildPhase;
			buildActionMask = 2147483647;
			files = (
			);
			inputPaths = (
			);
			name = "Copy www directory";
			outputPaths = (
			);
			runOnlyForDeploymentPostprocessing = 0;
			shellPath = /bin/sh;
			shellScript = "NODEJS_PATH=/usr/local/bin; NVM_NODE_PATH=~/.nvm/versions/node/`nvm version 2>/dev/null`/bin; N_NODE_PATH=`find /usr/local/n/versions/node/* -maxdepth 0 -type d 2>/dev/null | tail -1`/bin; XCODE_NODE_PATH=`xcode-select --print-path`/usr/share/xcs/Node/bin; PATH=$NODEJS_PATH:$NVM_NODE_PATH:$N_NODE_PATH:$XCODE_NODE_PATH:$PATH && node cordova/lib/copy-www-build-step.js";
			showEnvVarsInLog = 0;
		};
/* End PBXShellScriptBuildPhase section */

/* Begin PBXSourcesBuildPhase section */
		1D60588E0D05DD3D006BFB54 /* Sources */ = {
			isa = PBXSourcesBuildPhase;
			buildActionMask = 2147483647;
			files = (
				1D60589B0D05DD56006BFB54 /* main.m in Sources */,
				1D3623260D0F684500981E51 /* AppDelegate.m in Sources */,
				302D95F114D2391D003F00A1 /* MainViewController.m in Sources */,
				C3909A0CBF9B43C5A007E6D6 /* CDVBattery.m in Sources */,
				B4C41D19379743A0B301C34A /* UIImage+CropScaleOrientation.m in Sources */,
				CD80152D752A4AF2BCF8C309 /* CDVCamera.m in Sources */,
				1A2248A2022F43E7A615750C /* CDVJpegHeaderWriter.m in Sources */,
				908413D3419E4C0FA961EA26 /* CDVLogger.m in Sources */,
				6EB303F2748348128CE98765 /* CDVContacts.m in Sources */,
				DAFF0A0AED524EF09267E71E /* CDVContact.m in Sources */,
				66C9300E538B418C984423A5 /* CDVDevice.m in Sources */,
				8D0E8ACE6B39478D99C87A69 /* CDVAccelerometer.m in Sources */,
				0CD590FCC7A94C579A718EF4 /* CDVCompass.m in Sources */,
				F639DADE0C6E4CC28F29443D /* CDVNotification.m in Sources */,
				6B589861F0014A8F95AE8DC0 /* CDVFile.m in Sources */,
				E9B792CB38344B438EF09F5E /* CDVLocalFilesystem.m in Sources */,
				ED22B913801A4398A2E4F0D4 /* CDVAssetLibraryFilesystem.m in Sources */,
				3B7176E0A98A4201B0DC6405 /* CDVFileTransfer.m in Sources */,
				5D877AD01F4E48E4A13BD21D /* CDVLocation.m in Sources */,
				68E5150114F749FB98C6D2D3 /* CDVGlobalization.m in Sources */,
				0175E69D1A604E318A8E178C /* CDVInAppBrowser.m in Sources */,
				F3E58ED2D07D47B9B1DCE82A /* CDVSound.m in Sources */,
				DE59824C52BA449AADB1A53B /* CDVCapture.m in Sources */,
				7A467ACB2DB7471A996377CC /* CDVConnection.m in Sources */,
				D916B57E0F104A228D2878EA /* CDVReachability.m in Sources */,
				4DDED70210CD427DB1EE802D /* CDVSplashScreen.m in Sources */,
				D217CEEEFFB543649D3A3842 /* CDVViewController+SplashScreen.m in Sources */,
				A6302EFA1BDF432CA4D8EB2C /* CDVStatusBar.m in Sources */,
				A22FFD4D878744C4AD7C5577 /* CDVVibration.m in Sources */,
			);
			runOnlyForDeploymentPostprocessing = 0;
		};
/* End PBXSourcesBuildPhase section */

/* Begin PBXTargetDependency section */
		301BF551109A68C00062928A /* PBXTargetDependency */ = {
			isa = PBXTargetDependency;
			name = CordovaLib;
			targetProxy = 301BF550109A68C00062928A /* PBXContainerItemProxy */;
		};
/* End PBXTargetDependency section */

/* Begin XCBuildConfiguration section */
		1D6058940D05DD3E006BFB54 /* Debug */ = {
			isa = XCBuildConfiguration;
			baseConfigurationReference = 3047A50F1AB8059700498E2A /* build-debug.xcconfig */;
			buildSettings = {
				ALWAYS_SEARCH_USER_PATHS = NO;
				ASSETCATALOG_COMPILER_APPICON_NAME = AppIcon;
				ASSETCATALOG_COMPILER_LAUNCHIMAGE_NAME = LaunchImage;
				CLANG_ENABLE_MODULES = YES;
				CLANG_ENABLE_OBJC_ARC = YES;
				COPY_PHASE_STRIP = NO;
				DEVELOPMENT_TEAM = JU5Q9F8CVN;
				GCC_DYNAMIC_NO_PIC = NO;
				GCC_OPTIMIZATION_LEVEL = 0;
				GCC_PRECOMPILE_PREFIX_HEADER = YES;
				GCC_PREFIX_HEADER = "Kondo Invaders/Kondo Invaders-Prefix.pch";
				GCC_THUMB_SUPPORT = NO;
				GCC_VERSION = "";
				INFOPLIST_FILE = "Kondo Invaders/Kondo Invaders-Info.plist";
				IPHONEOS_DEPLOYMENT_TARGET = 8.0;
				LD_RUNPATH_SEARCH_PATHS = "@executable_path/Frameworks";
				PRODUCT_NAME = "Kondo Invaders";
				TARGETED_DEVICE_FAMILY = "1,2";
			};
			name = Debug;
		};
		1D6058950D05DD3E006BFB54 /* Release */ = {
			isa = XCBuildConfiguration;
			baseConfigurationReference = 3047A5101AB8059700498E2A /* build-release.xcconfig */;
			buildSettings = {
				ALWAYS_SEARCH_USER_PATHS = NO;
				ASSETCATALOG_COMPILER_APPICON_NAME = AppIcon;
				ASSETCATALOG_COMPILER_LAUNCHIMAGE_NAME = LaunchImage;
				CLANG_ENABLE_MODULES = YES;
				CLANG_ENABLE_OBJC_ARC = YES;
				COPY_PHASE_STRIP = YES;
				DEVELOPMENT_TEAM = JU5Q9F8CVN;
				GCC_PRECOMPILE_PREFIX_HEADER = YES;
				GCC_PREFIX_HEADER = "Kondo Invaders/Kondo Invaders-Prefix.pch";
				GCC_THUMB_SUPPORT = NO;
				GCC_VERSION = "";
				INFOPLIST_FILE = "Kondo Invaders/Kondo Invaders-Info.plist";
				IPHONEOS_DEPLOYMENT_TARGET = 8.0;
				LD_RUNPATH_SEARCH_PATHS = "@executable_path/Frameworks";
				PRODUCT_NAME = "Kondo Invaders";
				TARGETED_DEVICE_FAMILY = "1,2";
			};
			name = Release;
		};
		C01FCF4F08A954540054247B /* Debug */ = {
			isa = XCBuildConfiguration;
			baseConfigurationReference = 3047A5111AB8059700498E2A /* build.xcconfig */;
			buildSettings = {
				ASSETCATALOG_COMPILER_LAUNCHIMAGE_NAME = LaunchImage;
				CLANG_ENABLE_MODULES = YES;
				CLANG_ENABLE_OBJC_ARC = YES;
				CLANG_WARN_BOOL_CONVERSION = YES;
				CLANG_WARN_CONSTANT_CONVERSION = YES;
				CLANG_WARN_EMPTY_BODY = YES;
				CLANG_WARN_ENUM_CONVERSION = YES;
				CLANG_WARN_INT_CONVERSION = YES;
				CLANG_WARN__DUPLICATE_METHOD_MATCH = YES;
				GCC_C_LANGUAGE_STANDARD = c99;
				GCC_THUMB_SUPPORT = NO;
				GCC_VERSION = "";
				GCC_WARN_ABOUT_RETURN_TYPE = YES;
				GCC_WARN_UNDECLARED_SELECTOR = YES;
				GCC_WARN_UNINITIALIZED_AUTOS = YES;
				GCC_WARN_UNUSED_FUNCTION = YES;
				GCC_WARN_UNUSED_VARIABLE = YES;
				ONLY_ACTIVE_ARCH = YES;
				SDKROOT = iphoneos;
				SKIP_INSTALL = NO;
			};
			name = Debug;
		};
		C01FCF5008A954540054247B /* Release */ = {
			isa = XCBuildConfiguration;
			baseConfigurationReference = 3047A5111AB8059700498E2A /* build.xcconfig */;
			buildSettings = {
				ASSETCATALOG_COMPILER_LAUNCHIMAGE_NAME = LaunchImage;
				CLANG_ENABLE_MODULES = YES;
				CLANG_ENABLE_OBJC_ARC = YES;
				CLANG_WARN_BOOL_CONVERSION = YES;
				CLANG_WARN_CONSTANT_CONVERSION = YES;
				CLANG_WARN_EMPTY_BODY = YES;
				CLANG_WARN_ENUM_CONVERSION = YES;
				CLANG_WARN_INT_CONVERSION = YES;
				CLANG_WARN__DUPLICATE_METHOD_MATCH = YES;
				GCC_C_LANGUAGE_STANDARD = c99;
				GCC_THUMB_SUPPORT = NO;
				GCC_VERSION = "";
				GCC_WARN_ABOUT_RETURN_TYPE = YES;
				GCC_WARN_UNDECLARED_SELECTOR = YES;
				GCC_WARN_UNINITIALIZED_AUTOS = YES;
				GCC_WARN_UNUSED_FUNCTION = YES;
				GCC_WARN_UNUSED_VARIABLE = YES;
				SDKROOT = iphoneos;
				SKIP_INSTALL = NO;
			};
			name = Release;
		};
/* End XCBuildConfiguration section */

/* Begin XCConfigurationList section */
		1D6058960D05DD3E006BFB54 /* Build configuration list for PBXNativeTarget "Kondo Invaders" */ = {
			isa = XCConfigurationList;
			buildConfigurations = (
				1D6058940D05DD3E006BFB54 /* Debug */,
				1D6058950D05DD3E006BFB54 /* Release */,
			);
			defaultConfigurationIsVisible = 0;
			defaultConfigurationName = Release;
		};
		C01FCF4E08A954540054247B /* Build configuration list for PBXProject "Kondo Invaders" */ = {
			isa = XCConfigurationList;
			buildConfigurations = (
				C01FCF4F08A954540054247B /* Debug */,
				C01FCF5008A954540054247B /* Release */,
			);
			defaultConfigurationIsVisible = 0;
			defaultConfigurationName = Release;
		};
/* End XCConfigurationList section */
	};
	rootObject = 29B97313FDCFA39411CA2CEA /* Project object */;
}
